
Microsoft Visual Studio Solution File, Format Version 12.00
# Visual Studio Version 17
VisualStudioVersion = 17.10.35027.167
MinimumVisualStudioVersion = 10.0.40219.1
Project("{FAE04EC0-301F-11D3-BF4B-00C04F79EFBC}") = "09-23Csharp", "09-23Csharp\09-23Csharp.csproj", "{B7F9B4BB-7D22-411E-82E0-3A84111540FE}"
EndProject
Project("{FAE04EC0-301F-11D3-BF4B-00C04F79EFBC}") = "ServerCore", "ServerCore\ServerCore.csproj", "{C6377C92-D298-4869-897B-B8A596755357}"
EndProject
Project("{FAE04EC0-301F-11D3-BF4B-00C04F79EFBC}") = "dummyCilent", "dummyCilent\dummyCilent.csproj", "{47B685EC-DF7C-4659-BC8A-F349816D7E0F}"
EndProject
Global
	GlobalSection(SolutionConfigurationPlatforms) = preSolution
		Debug|Any CPU = Debug|Any CPU
		Release|Any CPU = Release|Any CPU
	EndGlobalSection
	GlobalSection(ProjectConfigurationPlatforms) = postSolution
		{B7F9B4BB-7D22-411E-82E0-3A84111540FE}.Debug|Any CPU.ActiveCfg = Debug|Any CPU
		{B7F9B4BB-7D22-411E-82E0-3A84111540FE}.Debug|Any CPU.Build.0 = Debug|Any CPU
		{B7F9B4BB-7D22-411E-82E0-3A84111540FE}.Release|Any CPU.ActiveCfg = Release|Any CPU
		{B7F9B4BB-7D22-411E-82E0-3A84111540FE}.Release|Any CPU.Build.0 = Release|Any CPU
		{C6377C92-D298-4869-897B-B8A596755357}.Debug|Any CPU.ActiveCfg = Debug|Any CPU
		{C6377C92-D298-4869-897B-B8A596755357}.Debug|Any CPU.Build.0 = Debug|Any CPU
		{C6377C92-D298-4869-897B-B8A596755357}.Release|Any CPU.ActiveCfg = Release|Any CPU
		{C6377C92-D298-4869-897B-B8A596755357}.Release|Any CPU.Build.0 = Release|Any CPU
		{47B685EC-DF7C-4659-BC8A-F349816D7E0F}.Debug|Any CPU.ActiveCfg = Debug|Any CPU
		{47B685EC-DF7C-4659-BC8A-F349816D7E0F}.Debug|Any CPU.Build.0 = Debug|Any CPU
		{47B685EC-DF7C-4659-BC8A-F349816D7E0F}.Release|Any CPU.ActiveCfg = Release|Any CPU
		{47B685EC-DF7C-4659-BC8A-F349816D7E0F}.Release|Any CPU.Build.0 = Release|Any CPU
	EndGlobalSection
	GlobalSection(SolutionProperties) = preSolution
		HideSolutionNode = FALSE
	EndGlobalSection
	GlobalSection(ExtensibilityGlobals) = postSolution
		SolutionGuid = {6955EA10-8662-488B-8FE5-DE714D07414C}
	EndGlobalSection
EndGlobal
